
Microsoft Visual Studio Solution File, Format Version 11.00
# Visual Studio 2010
Project("{FAE04EC0-301F-11D3-BF4B-00C04F79EFBC}") = "IoCContainer", "IoCContainer.csproj", "{3EDFEEC2-7A02-4733-94A8-C5A5DC0BC6C8}"
EndProject
Global
	GlobalSection(SolutionConfigurationPlatforms) = preSolution
		Debug|Any CPU = Debug|Any CPU
		Release|Any CPU = Release|Any CPU
	EndGlobalSection
	GlobalSection(ProjectConfigurationPlatforms) = postSolution
		{3EDFEEC2-7A02-4733-94A8-C5A5DC0BC6C8}.Debug|Any CPU.ActiveCfg = Debug|Any CPU
		{3EDFEEC2-7A02-4733-94A8-C5A5DC0BC6C8}.Debug|Any CPU.Build.0 = Debug|Any CPU
		{3EDFEEC2-7A02-4733-94A8-C5A5DC0BC6C8}.Release|Any CPU.ActiveCfg = Release|Any CPU
		{3EDFEEC2-7A02-4733-94A8-C5A5DC0BC6C8}.Release|Any CPU.Build.0 = Release|Any CPU
	EndGlobalSection
	GlobalSection(SolutionProperties) = preSolution
		HideSolutionNode = FALSE
	EndGlobalSection
EndGlobal
